
Microsoft Visual Studio Solution File, Format Version 12.00
# Visual Studio 15
VisualStudioVersion = 15.0.28307.1000
MinimumVisualStudioVersion = 10.0.40219.1
Project("{FAE04EC0-301F-11D3-BF4B-00C04F79EFBC}") = "ObjetoRemoto", "ObjetoRemoto\ObjetoRemoto.csproj", "{80C9EB11-4847-47F6-9F88-4C38F53398E4}"
EndProject
Project("{E24C65DC-7377-472B-9ABA-BC803B73C61A}") = "Servicio_Web_Equipos", "Servicio_Web_Equipos\", "{CCA63B6E-B1F6-4865-8D99-033060F73D02}"
	ProjectSection(WebsiteProperties) = preProject
		TargetFrameworkMoniker = ".NETFramework,Version%3Dv4.5"
		Debug.AspNetCompiler.VirtualPath = "/localhost_56833"
		Debug.AspNetCompiler.PhysicalPath = "Servicio_Web_Equipos\"
		Debug.AspNetCompiler.TargetPath = "PrecompiledWeb\localhost_56833\"
		Debug.AspNetCompiler.Updateable = "true"
		Debug.AspNetCompiler.ForceOverwrite = "true"
		Debug.AspNetCompiler.FixedNames = "false"
		Debug.AspNetCompiler.Debug = "True"
		Release.AspNetCompiler.VirtualPath = "/localhost_56833"
		Release.AspNetCompiler.PhysicalPath = "Servicio_Web_Equipos\"
		Release.AspNetCompiler.TargetPath = "PrecompiledWeb\localhost_56833\"
		Release.AspNetCompiler.Updateable = "true"
		Release.AspNetCompiler.ForceOverwrite = "true"
		Release.AspNetCompiler.FixedNames = "false"
		Release.AspNetCompiler.Debug = "False"
		VWDPort = "56833"
		SlnRelativePath = "Servicio_Web_Equipos\"
	EndProjectSection
EndProject
Global
	GlobalSection(SolutionConfigurationPlatforms) = preSolution
		Debug|Any CPU = Debug|Any CPU
		Release|Any CPU = Release|Any CPU
	EndGlobalSection
	GlobalSection(ProjectConfigurationPlatforms) = postSolution
		{80C9EB11-4847-47F6-9F88-4C38F53398E4}.Debug|Any CPU.ActiveCfg = Debug|Any CPU
		{80C9EB11-4847-47F6-9F88-4C38F53398E4}.Debug|Any CPU.Build.0 = Debug|Any CPU
		{80C9EB11-4847-47F6-9F88-4C38F53398E4}.Release|Any CPU.ActiveCfg = Release|Any CPU
		{80C9EB11-4847-47F6-9F88-4C38F53398E4}.Release|Any CPU.Build.0 = Release|Any CPU
		{CCA63B6E-B1F6-4865-8D99-033060F73D02}.Debug|Any CPU.ActiveCfg = Debug|Any CPU
		{CCA63B6E-B1F6-4865-8D99-033060F73D02}.Debug|Any CPU.Build.0 = Debug|Any CPU
		{CCA63B6E-B1F6-4865-8D99-033060F73D02}.Release|Any CPU.ActiveCfg = Debug|Any CPU
		{CCA63B6E-B1F6-4865-8D99-033060F73D02}.Release|Any CPU.Build.0 = Debug|Any CPU
	EndGlobalSection
	GlobalSection(SolutionProperties) = preSolution
		HideSolutionNode = FALSE
	EndGlobalSection
	GlobalSection(ExtensibilityGlobals) = postSolution
		SolutionGuid = {9D3F24F3-D370-4DD1-92C3-712DDC4B8E07}
	EndGlobalSection
EndGlobal
